
Microsoft Visual Studio Solution File, Format Version 12.00
# Visual Studio 2012
Project("{FAE04EC0-301F-11D3-BF4B-00C04F79EFBC}") = "Graficador-lundin", "Graficador-lundin\Graficador-lundin.csproj", "{0A07FBF5-8941-4B2C-9DF2-99AFDCE67837}"
EndProject
Global
	GlobalSection(SolutionConfigurationPlatforms) = preSolution
		Debug|Any CPU = Debug|Any CPU
		Release|Any CPU = Release|Any CPU
	EndGlobalSection
	GlobalSection(ProjectConfigurationPlatforms) = postSolution
		{0A07FBF5-8941-4B2C-9DF2-99AFDCE67837}.Debug|Any CPU.ActiveCfg = Debug|Any CPU
		{0A07FBF5-8941-4B2C-9DF2-99AFDCE67837}.Debug|Any CPU.Build.0 = Debug|Any CPU
		{0A07FBF5-8941-4B2C-9DF2-99AFDCE67837}.Release|Any CPU.ActiveCfg = Release|Any CPU
		{0A07FBF5-8941-4B2C-9DF2-99AFDCE67837}.Release|Any CPU.Build.0 = Release|Any CPU
	EndGlobalSection
	GlobalSection(SolutionProperties) = preSolution
		HideSolutionNode = FALSE
	EndGlobalSection
EndGlobal
