
Microsoft Visual Studio Solution File, Format Version 12.00
# Visual Studio 2012
Project("{FAE04EC0-301F-11D3-BF4B-00C04F79EFBC}") = "Suma", "Suma\Suma.csproj", "{5295F884-33B2-415B-8E33-9D78B3995D7E}"
EndProject
Global
	GlobalSection(SolutionConfigurationPlatforms) = preSolution
		Debug|Any CPU = Debug|Any CPU
		Release|Any CPU = Release|Any CPU
	EndGlobalSection
	GlobalSection(ProjectConfigurationPlatforms) = postSolution
		{5295F884-33B2-415B-8E33-9D78B3995D7E}.Debug|Any CPU.ActiveCfg = Debug|Any CPU
		{5295F884-33B2-415B-8E33-9D78B3995D7E}.Debug|Any CPU.Build.0 = Debug|Any CPU
		{5295F884-33B2-415B-8E33-9D78B3995D7E}.Release|Any CPU.ActiveCfg = Release|Any CPU
		{5295F884-33B2-415B-8E33-9D78B3995D7E}.Release|Any CPU.Build.0 = Release|Any CPU
	EndGlobalSection
	GlobalSection(SolutionProperties) = preSolution
		HideSolutionNode = FALSE
	EndGlobalSection
EndGlobal
